
Microsoft Visual Studio Solution File, Format Version 12.00
# Visual Studio Version 17
VisualStudioVersion = 17.6.33829.357
MinimumVisualStudioVersion = 10.0.40219.1
Project("{9A19103F-16F7-4668-BE54-9A1E7A4F7556}") = "CmsShoppingCart", "CmsShoppingCart.csproj", "{3CD27740-3DB5-4C3C-9BF4-C23B2A2726B7}"
EndProject
Project("{FAE04EC0-301F-11D3-BF4B-00C04F79EFBC}") = "Front", "..\Front\Front.csproj", "{5B0CC221-DE08-4128-A69C-F55341577C5C}"
EndProject
Project("{FAE04EC0-301F-11D3-BF4B-00C04F79EFBC}") = "Common", "..\Common\Common.csproj", "{4EBC4845-3323-443C-8744-69BCD5E8D058}"
EndProject
Global
	GlobalSection(SolutionConfigurationPlatforms) = preSolution
		Debug|Any CPU = Debug|Any CPU
		Release|Any CPU = Release|Any CPU
	EndGlobalSection
	GlobalSection(ProjectConfigurationPlatforms) = postSolution
		{3CD27740-3DB5-4C3C-9BF4-C23B2A2726B7}.Debug|Any CPU.ActiveCfg = Debug|Any CPU
		{3CD27740-3DB5-4C3C-9BF4-C23B2A2726B7}.Debug|Any CPU.Build.0 = Debug|Any CPU
		{3CD27740-3DB5-4C3C-9BF4-C23B2A2726B7}.Release|Any CPU.ActiveCfg = Release|Any CPU
		{3CD27740-3DB5-4C3C-9BF4-C23B2A2726B7}.Release|Any CPU.Build.0 = Release|Any CPU
		{5B0CC221-DE08-4128-A69C-F55341577C5C}.Debug|Any CPU.ActiveCfg = Debug|Any CPU
		{5B0CC221-DE08-4128-A69C-F55341577C5C}.Debug|Any CPU.Build.0 = Debug|Any CPU
		{5B0CC221-DE08-4128-A69C-F55341577C5C}.Release|Any CPU.ActiveCfg = Release|Any CPU
		{5B0CC221-DE08-4128-A69C-F55341577C5C}.Release|Any CPU.Build.0 = Release|Any CPU
		{4EBC4845-3323-443C-8744-69BCD5E8D058}.Debug|Any CPU.ActiveCfg = Debug|Any CPU
		{4EBC4845-3323-443C-8744-69BCD5E8D058}.Debug|Any CPU.Build.0 = Debug|Any CPU
		{4EBC4845-3323-443C-8744-69BCD5E8D058}.Release|Any CPU.ActiveCfg = Release|Any CPU
		{4EBC4845-3323-443C-8744-69BCD5E8D058}.Release|Any CPU.Build.0 = Release|Any CPU
	EndGlobalSection
	GlobalSection(SolutionProperties) = preSolution
		HideSolutionNode = FALSE
	EndGlobalSection
	GlobalSection(ExtensibilityGlobals) = postSolution
		SolutionGuid = {8455B520-0133-404B-8583-5B675683F4C9}
	EndGlobalSection
EndGlobal
